
Microsoft Visual Studio Solution File, Format Version 12.00
# Visual Studio Version 16
VisualStudioVersion = 16.0.30523.141
MinimumVisualStudioVersion = 10.0.40219.1
Project("{FAE04EC0-301F-11D3-BF4B-00C04F79EFBC}") = "Collection.UI.MVC", "Collection.UI.MVC\Collection.UI.MVC.csproj", "{1F886333-4E69-42A5-8B6E-04FB59C0D801}"
EndProject
Project("{FAE04EC0-301F-11D3-BF4B-00C04F79EFBC}") = "Collection.Application", "Collection.Application\Collection.Application.csproj", "{C81C2672-0AD8-4B77-B722-1A1CDB527785}"
EndProject
Project("{FAE04EC0-301F-11D3-BF4B-00C04F79EFBC}") = "Collection.Application.DTO", "Collection.Application.DTO\Collection.Application.DTO.csproj", "{113D87D0-6CBF-460F-B3A5-DF271BA03A59}"
EndProject
Project("{FAE04EC0-301F-11D3-BF4B-00C04F79EFBC}") = "Collection.Application.Interfaces", "Collection.Application.Interfaces\Collection.Application.Interfaces.csproj", "{C35E45B5-9103-462F-A3C5-4F10FE4CA245}"
EndProject
Project("{FAE04EC0-301F-11D3-BF4B-00C04F79EFBC}") = "Collection.Domain", "Collection.Domain\Collection.Domain.csproj", "{2A578898-FA84-477D-9A06-B2B8C50F639D}"
EndProject
Project("{FAE04EC0-301F-11D3-BF4B-00C04F79EFBC}") = "Collection.Infraestructure", "Collection.Infraestructure\Collection.Infraestructure.csproj", "{BFD437CF-C544-44CC-964E-73758A455872}"
EndProject
Global
	GlobalSection(SolutionConfigurationPlatforms) = preSolution
		Debug|Any CPU = Debug|Any CPU
		Release|Any CPU = Release|Any CPU
	EndGlobalSection
	GlobalSection(ProjectConfigurationPlatforms) = postSolution
		{1F886333-4E69-42A5-8B6E-04FB59C0D801}.Debug|Any CPU.ActiveCfg = Debug|Any CPU
		{1F886333-4E69-42A5-8B6E-04FB59C0D801}.Debug|Any CPU.Build.0 = Debug|Any CPU
		{1F886333-4E69-42A5-8B6E-04FB59C0D801}.Release|Any CPU.ActiveCfg = Release|Any CPU
		{1F886333-4E69-42A5-8B6E-04FB59C0D801}.Release|Any CPU.Build.0 = Release|Any CPU
		{C81C2672-0AD8-4B77-B722-1A1CDB527785}.Debug|Any CPU.ActiveCfg = Debug|Any CPU
		{C81C2672-0AD8-4B77-B722-1A1CDB527785}.Debug|Any CPU.Build.0 = Debug|Any CPU
		{C81C2672-0AD8-4B77-B722-1A1CDB527785}.Release|Any CPU.ActiveCfg = Release|Any CPU
		{C81C2672-0AD8-4B77-B722-1A1CDB527785}.Release|Any CPU.Build.0 = Release|Any CPU
		{113D87D0-6CBF-460F-B3A5-DF271BA03A59}.Debug|Any CPU.ActiveCfg = Debug|Any CPU
		{113D87D0-6CBF-460F-B3A5-DF271BA03A59}.Debug|Any CPU.Build.0 = Debug|Any CPU
		{113D87D0-6CBF-460F-B3A5-DF271BA03A59}.Release|Any CPU.ActiveCfg = Release|Any CPU
		{113D87D0-6CBF-460F-B3A5-DF271BA03A59}.Release|Any CPU.Build.0 = Release|Any CPU
		{C35E45B5-9103-462F-A3C5-4F10FE4CA245}.Debug|Any CPU.ActiveCfg = Debug|Any CPU
		{C35E45B5-9103-462F-A3C5-4F10FE4CA245}.Debug|Any CPU.Build.0 = Debug|Any CPU
		{C35E45B5-9103-462F-A3C5-4F10FE4CA245}.Release|Any CPU.ActiveCfg = Release|Any CPU
		{C35E45B5-9103-462F-A3C5-4F10FE4CA245}.Release|Any CPU.Build.0 = Release|Any CPU
		{2A578898-FA84-477D-9A06-B2B8C50F639D}.Debug|Any CPU.ActiveCfg = Debug|Any CPU
		{2A578898-FA84-477D-9A06-B2B8C50F639D}.Debug|Any CPU.Build.0 = Debug|Any CPU
		{2A578898-FA84-477D-9A06-B2B8C50F639D}.Release|Any CPU.ActiveCfg = Release|Any CPU
		{2A578898-FA84-477D-9A06-B2B8C50F639D}.Release|Any CPU.Build.0 = Release|Any CPU
		{BFD437CF-C544-44CC-964E-73758A455872}.Debug|Any CPU.ActiveCfg = Debug|Any CPU
		{BFD437CF-C544-44CC-964E-73758A455872}.Debug|Any CPU.Build.0 = Debug|Any CPU
		{BFD437CF-C544-44CC-964E-73758A455872}.Release|Any CPU.ActiveCfg = Release|Any CPU
		{BFD437CF-C544-44CC-964E-73758A455872}.Release|Any CPU.Build.0 = Release|Any CPU
	EndGlobalSection
	GlobalSection(SolutionProperties) = preSolution
		HideSolutionNode = FALSE
	EndGlobalSection
	GlobalSection(ExtensibilityGlobals) = postSolution
		SolutionGuid = {DEAD2B56-3C90-4AE0-B552-AA73E480BDE9}
	EndGlobalSection
EndGlobal
